
Microsoft Visual Studio Solution File, Format Version 12.00
# Visual Studio Version 17
VisualStudioVersion = 17.5.002.0
MinimumVisualStudioVersion = 10.0.40219.1
Project("{9A19103F-16F7-4668-BE54-9A1E7A4F7556}") = "Urok_1", "Urok_1.csproj", "{B67CA7C5-9149-40E3-9AA3-4FFB7D67ADF0}"
EndProject
Global
	GlobalSection(SolutionConfigurationPlatforms) = preSolution
		Debug|Any CPU = Debug|Any CPU
		Release|Any CPU = Release|Any CPU
	EndGlobalSection
	GlobalSection(ProjectConfigurationPlatforms) = postSolution
		{B67CA7C5-9149-40E3-9AA3-4FFB7D67ADF0}.Debug|Any CPU.ActiveCfg = Debug|Any CPU
		{B67CA7C5-9149-40E3-9AA3-4FFB7D67ADF0}.Debug|Any CPU.Build.0 = Debug|Any CPU
		{B67CA7C5-9149-40E3-9AA3-4FFB7D67ADF0}.Release|Any CPU.ActiveCfg = Release|Any CPU
		{B67CA7C5-9149-40E3-9AA3-4FFB7D67ADF0}.Release|Any CPU.Build.0 = Release|Any CPU
	EndGlobalSection
	GlobalSection(SolutionProperties) = preSolution
		HideSolutionNode = FALSE
	EndGlobalSection
	GlobalSection(ExtensibilityGlobals) = postSolution
		SolutionGuid = {3AD858F4-1D55-4810-830D-72BA8C36CF75}
	EndGlobalSection
EndGlobal
